
Microsoft Visual Studio Solution File, Format Version 12.00
# Visual Studio 2013
VisualStudioVersion = 12.0.31101.0
MinimumVisualStudioVersion = 10.0.40219.1
Project("{FAE04EC0-301F-11D3-BF4B-00C04F79EFBC}") = "LinkedList", "LinkedList\LinkedList.csproj", "{DF77BBF3-70E7-4797-98A1-9892C071206E}"
EndProject
Project("{FAE04EC0-301F-11D3-BF4B-00C04F79EFBC}") = "LinkedListTests", "LinkedListTests\LinkedListTests.csproj", "{62241CF3-1793-401E-8004-90D8A34BEB34}"
EndProject
Global
	GlobalSection(SolutionConfigurationPlatforms) = preSolution
		Debug|Any CPU = Debug|Any CPU
		Release|Any CPU = Release|Any CPU
	EndGlobalSection
	GlobalSection(ProjectConfigurationPlatforms) = postSolution
		{DF77BBF3-70E7-4797-98A1-9892C071206E}.Debug|Any CPU.ActiveCfg = Debug|Any CPU
		{DF77BBF3-70E7-4797-98A1-9892C071206E}.Debug|Any CPU.Build.0 = Debug|Any CPU
		{DF77BBF3-70E7-4797-98A1-9892C071206E}.Release|Any CPU.ActiveCfg = Release|Any CPU
		{DF77BBF3-70E7-4797-98A1-9892C071206E}.Release|Any CPU.Build.0 = Release|Any CPU
		{62241CF3-1793-401E-8004-90D8A34BEB34}.Debug|Any CPU.ActiveCfg = Debug|Any CPU
		{62241CF3-1793-401E-8004-90D8A34BEB34}.Debug|Any CPU.Build.0 = Debug|Any CPU
		{62241CF3-1793-401E-8004-90D8A34BEB34}.Release|Any CPU.ActiveCfg = Release|Any CPU
		{62241CF3-1793-401E-8004-90D8A34BEB34}.Release|Any CPU.Build.0 = Release|Any CPU
	EndGlobalSection
	GlobalSection(SolutionProperties) = preSolution
		HideSolutionNode = FALSE
	EndGlobalSection
EndGlobal
